
Microsoft Visual Studio Solution File, Format Version 12.00
# Visual Studio 2013
VisualStudioVersion = 12.0.21005.1
MinimumVisualStudioVersion = 10.0.40219.1
Project("{FAE04EC0-301F-11D3-BF4B-00C04F79EFBC}") = "Socket通信_Client", "Socket通信_Client\Socket通信_Client.csproj", "{5E7D98B1-FFE5-40AB-83ED-F84B62C488C0}"
EndProject
Project("{FAE04EC0-301F-11D3-BF4B-00C04F79EFBC}") = "Socket通信_Server", "..\Socket通信_Server\Socket通信_Server\Socket通信_Server.csproj", "{9CBC37B1-F498-414F-83FD-BA44AE3E8A76}"
EndProject
Global
	GlobalSection(SolutionConfigurationPlatforms) = preSolution
		Debug|Any CPU = Debug|Any CPU
		Release|Any CPU = Release|Any CPU
	EndGlobalSection
	GlobalSection(ProjectConfigurationPlatforms) = postSolution
		{5E7D98B1-FFE5-40AB-83ED-F84B62C488C0}.Debug|Any CPU.ActiveCfg = Debug|Any CPU
		{5E7D98B1-FFE5-40AB-83ED-F84B62C488C0}.Debug|Any CPU.Build.0 = Debug|Any CPU
		{5E7D98B1-FFE5-40AB-83ED-F84B62C488C0}.Release|Any CPU.ActiveCfg = Release|Any CPU
		{5E7D98B1-FFE5-40AB-83ED-F84B62C488C0}.Release|Any CPU.Build.0 = Release|Any CPU
		{9CBC37B1-F498-414F-83FD-BA44AE3E8A76}.Debug|Any CPU.ActiveCfg = Debug|Any CPU
		{9CBC37B1-F498-414F-83FD-BA44AE3E8A76}.Debug|Any CPU.Build.0 = Debug|Any CPU
		{9CBC37B1-F498-414F-83FD-BA44AE3E8A76}.Release|Any CPU.ActiveCfg = Release|Any CPU
		{9CBC37B1-F498-414F-83FD-BA44AE3E8A76}.Release|Any CPU.Build.0 = Release|Any CPU
	EndGlobalSection
	GlobalSection(SolutionProperties) = preSolution
		HideSolutionNode = FALSE
	EndGlobalSection
EndGlobal
